{
    "_meta": {
        "hash": {
            "sha256": "d51dd71709e4f6eabba46d998017e4cfc13dfa6a661cfa7a1490454892dbb1b7"
        },
        "requires": {
            "python_version": "3.6"
        },
        "sources": [
            {
                "name": "pypi",
                "url": "https://pypi.python.org/simple",
                "verify_ssl": true
            }
        ]
    },
    "default": {
        "asn1crypto": {
            "version": "==0.24.0"
        },
        "attrs": {
            "version": "==17.4.0"
        },
        "automat": {
            "version": "==0.6.0"
        },
        "beautifulsoup4": {
            "version": "==4.6.0"
        },
        "cffi": {
            "version": "==1.11.2"
        },
        "constantly": {
            "version": "==15.1.0"
        },
        "cryptography": {
            "version": "==2.1.4"
        },
        "cssselect": {
            "version": "==1.0.3"
        },
        "fake-useragent": {
            "version": "==0.1.8"
        },
        "future": {
            "version": "==0.16.0"
        },
        "hyperlink": {
            "version": "==17.3.1"
        },
        "idna": {
            "version": "==2.6"
        },
        "incremental": {
            "version": "==17.5.0"
        },
        "lxml": {
            "version": "==4.1.1"
        },
        "parsel": {
            "version": "==1.3.1"
        },
        "pyasn1": {
            "version": "==0.4.2"
        },
        "pyasn1-modules": {
            "version": "==0.2.1"
        },
        "pycparser": {
            "version": "==2.18"
        },
        "pydispatcher": {
            "version": "==2.0.5"
        },
        "pyopenssl": {
            "version": "==17.5.0"
        },
        "queuelib": {
            "version": "==1.4.2"
        },
        "scrapy": {
            "version": "==1.5.0"
        },
        "scrapy-fake-useragent": {
            "version": "==1.1.0"
        },
        "scrapy-proxies": {
            "editable": true,
            "git": "git://github.com/aivarsk/scrapy-proxies.git"
        },
        "service-identity": {
            "version": "==17.0.0"
        },
        "setuptools": {
            "version": "==38.4.0"
        },
        "six": {
            "version": "==1.11.0"
        },
        "twisted": {
            "version": "==17.9.0"
        },
        "w3lib": {
            "version": "==1.18.0"
        },
        "zope.interface": {
            "version": "==4.4.3"
        }
    },
    "develop": {
        "astroid": {
            "version": "==1.6.0"
        },
        "isort": {
            "version": "==4.2.15"
        },
        "lazy-object-proxy": {
            "version": "==1.3.1"
        },
        "mccabe": {
            "version": "==0.6.1"
        },
        "pylint": {
            "version": "==1.8.1"
        },
        "six": {
            "version": "==1.11.0"
        },
        "wrapt": {
            "version": "==1.10.11"
        }
    }
}
